
Microsoft Visual Studio Solution File, Format Version 12.00
# Visual Studio Version 17
VisualStudioVersion = 17.4.33205.214
MinimumVisualStudioVersion = 10.0.40219.1
Project("{9A19103F-16F7-4668-BE54-9A1E7A4F7556}") = "Labb3", "Labb3\Labb3.csproj", "{18E9CD8A-C260-4893-8BA2-346A27F9D30C}"
	ProjectSection(ProjectDependencies) = postProject
		{18CE7775-AB81-4FA4-B976-9B04C173F54C} = {18CE7775-AB81-4FA4-B976-9B04C173F54C}
	EndProjectSection
EndProject
Project("{8BC9CEB8-8B4A-11D0-8D11-00A0C91BC942}") = "Labb3Dll", "Labb3Dll\Labb3Dll.vcxproj", "{18CE7775-AB81-4FA4-B976-9B04C173F54C}"
EndProject
Global
	GlobalSection(SolutionConfigurationPlatforms) = preSolution
		Debug|Any CPU = Debug|Any CPU
		Debug|x64 = Debug|x64
		Debug|x86 = Debug|x86
		Release|Any CPU = Release|Any CPU
		Release|x64 = Release|x64
		Release|x86 = Release|x86
	EndGlobalSection
	GlobalSection(ProjectConfigurationPlatforms) = postSolution
		{18E9CD8A-C260-4893-8BA2-346A27F9D30C}.Debug|Any CPU.ActiveCfg = Debug|x64
		{18E9CD8A-C260-4893-8BA2-346A27F9D30C}.Debug|Any CPU.Build.0 = Debug|x64
		{18E9CD8A-C260-4893-8BA2-346A27F9D30C}.Debug|x64.ActiveCfg = Debug|Any CPU
		{18E9CD8A-C260-4893-8BA2-346A27F9D30C}.Debug|x64.Build.0 = Debug|Any CPU
		{18E9CD8A-C260-4893-8BA2-346A27F9D30C}.Debug|x86.ActiveCfg = Debug|Any CPU
		{18E9CD8A-C260-4893-8BA2-346A27F9D30C}.Debug|x86.Build.0 = Debug|Any CPU
		{18E9CD8A-C260-4893-8BA2-346A27F9D30C}.Release|Any CPU.ActiveCfg = Release|Any CPU
		{18E9CD8A-C260-4893-8BA2-346A27F9D30C}.Release|Any CPU.Build.0 = Release|Any CPU
		{18E9CD8A-C260-4893-8BA2-346A27F9D30C}.Release|x64.ActiveCfg = Release|Any CPU
		{18E9CD8A-C260-4893-8BA2-346A27F9D30C}.Release|x64.Build.0 = Release|Any CPU
		{18E9CD8A-C260-4893-8BA2-346A27F9D30C}.Release|x86.ActiveCfg = Release|Any CPU
		{18E9CD8A-C260-4893-8BA2-346A27F9D30C}.Release|x86.Build.0 = Release|Any CPU
		{18CE7775-AB81-4FA4-B976-9B04C173F54C}.Debug|Any CPU.ActiveCfg = Debug|x64
		{18CE7775-AB81-4FA4-B976-9B04C173F54C}.Debug|Any CPU.Build.0 = Debug|x64
		{18CE7775-AB81-4FA4-B976-9B04C173F54C}.Debug|x64.ActiveCfg = Debug|x64
		{18CE7775-AB81-4FA4-B976-9B04C173F54C}.Debug|x64.Build.0 = Debug|x64
		{18CE7775-AB81-4FA4-B976-9B04C173F54C}.Debug|x86.ActiveCfg = Debug|Win32
		{18CE7775-AB81-4FA4-B976-9B04C173F54C}.Debug|x86.Build.0 = Debug|Win32
		{18CE7775-AB81-4FA4-B976-9B04C173F54C}.Release|Any CPU.ActiveCfg = Release|x64
		{18CE7775-AB81-4FA4-B976-9B04C173F54C}.Release|Any CPU.Build.0 = Release|x64
		{18CE7775-AB81-4FA4-B976-9B04C173F54C}.Release|x64.ActiveCfg = Release|x64
		{18CE7775-AB81-4FA4-B976-9B04C173F54C}.Release|x64.Build.0 = Release|x64
		{18CE7775-AB81-4FA4-B976-9B04C173F54C}.Release|x86.ActiveCfg = Release|Win32
		{18CE7775-AB81-4FA4-B976-9B04C173F54C}.Release|x86.Build.0 = Release|Win32
	EndGlobalSection
	GlobalSection(SolutionProperties) = preSolution
		HideSolutionNode = FALSE
	EndGlobalSection
	GlobalSection(ExtensibilityGlobals) = postSolution
		SolutionGuid = {28521304-3983-4C0B-96FC-40C88C310790}
	EndGlobalSection
EndGlobal
